<?xml version="1.0" encoding="utf-8"?>
<Project ToolsVersion="17.0" xmlns="http://schemas.microsoft.com/developer/msbuild/2003">
  <ItemGroup>
    <CustomBuild Include="D:\Git\llvm-project\build\CMakeFiles\1621c461e5261bd334262dddf4d14c83\AttrList.inc.rule">
      <Filter>CMake Rules</Filter>
    </CustomBuild>
    <CustomBuild Include="D:\Git\llvm-project\build\CMakeFiles\4cea8109d910690befb10e3e9ab65c3b\ClangAttrList.rule">
      <Filter>CMake Rules</Filter>
    </CustomBuild>
    <CustomBuild Include="D:\Git\llvm-project\clang\include\clang\Basic\CMakeLists.txt" />
  </ItemGroup>
  <ItemGroup>
    <None Include="D:\Git\llvm-project\build\tools\clang\include\clang\Basic\CMakeFiles\ClangAttrList" />
  </ItemGroup>
  <ItemGroup>
    <Filter Include="CMake Rules">
      <UniqueIdentifier>{BA22F3A4-135D-33EB-8941-D386C130D83E}</UniqueIdentifier>
    </Filter>
  </ItemGroup>
</Project>
