<?xml version="1.0" encoding="utf-8"?>
<Project ToolsVersion="17.0" xmlns="http://schemas.microsoft.com/developer/msbuild/2003">
  <ItemGroup>
    <CustomBuild Include="D:\Git\llvm-project\build\CMakeFiles\a3c6376bb8f8ea8e11f0cc55b3c35d34\AttrPCHRead.inc.rule">
      <Filter>CMake Rules</Filter>
    </CustomBuild>
    <CustomBuild Include="D:\Git\llvm-project\build\CMakeFiles\a22eba926b94b1189572b157cf0e504b\ClangAttrPCHRead.rule">
      <Filter>CMake Rules</Filter>
    </CustomBuild>
    <CustomBuild Include="D:\Git\llvm-project\clang\include\clang\Serialization\CMakeLists.txt" />
  </ItemGroup>
  <ItemGroup>
    <None Include="D:\Git\llvm-project\build\tools\clang\include\clang\Serialization\CMakeFiles\ClangAttrPCHRead" />
  </ItemGroup>
  <ItemGroup>
    <Filter Include="CMake Rules">
      <UniqueIdentifier>{BA22F3A4-135D-33EB-8941-D386C130D83E}</UniqueIdentifier>
    </Filter>
  </ItemGroup>
</Project>
